
Microsoft Visual Studio Solution File, Format Version 12.00
# Visual Studio Version 16
VisualStudioVersion = 16.0.31313.79
MinimumVisualStudioVersion = 10.0.40219.1
Project("{FAE04EC0-301F-11D3-BF4B-00C04F79EFBC}") = "WebScrapper.API", "WebScrapper.API\WebScrapper.API.csproj", "{9270D93A-5B82-4D08-BFE4-814CA7158126}"
EndProject
Project("{FAE04EC0-301F-11D3-BF4B-00C04F79EFBC}") = "WebScrapper.Domain", "WebScrapper.Domain\WebScrapper.Domain.csproj", "{31530C69-A94F-4871-A993-F23D8539F01F}"
EndProject
Project("{FAE04EC0-301F-11D3-BF4B-00C04F79EFBC}") = "WebScrapper.Data", "WebScrapper.Data\WebScrapper.Data.csproj", "{8B9B0A9E-C292-438C-A0F6-48F06B79ABC4}"
EndProject
Global
	GlobalSection(SolutionConfigurationPlatforms) = preSolution
		Debug|Any CPU = Debug|Any CPU
		Release|Any CPU = Release|Any CPU
	EndGlobalSection
	GlobalSection(ProjectConfigurationPlatforms) = postSolution
		{9270D93A-5B82-4D08-BFE4-814CA7158126}.Debug|Any CPU.ActiveCfg = Debug|Any CPU
		{9270D93A-5B82-4D08-BFE4-814CA7158126}.Debug|Any CPU.Build.0 = Debug|Any CPU
		{9270D93A-5B82-4D08-BFE4-814CA7158126}.Release|Any CPU.ActiveCfg = Release|Any CPU
		{9270D93A-5B82-4D08-BFE4-814CA7158126}.Release|Any CPU.Build.0 = Release|Any CPU
		{31530C69-A94F-4871-A993-F23D8539F01F}.Debug|Any CPU.ActiveCfg = Debug|Any CPU
		{31530C69-A94F-4871-A993-F23D8539F01F}.Debug|Any CPU.Build.0 = Debug|Any CPU
		{31530C69-A94F-4871-A993-F23D8539F01F}.Release|Any CPU.ActiveCfg = Release|Any CPU
		{31530C69-A94F-4871-A993-F23D8539F01F}.Release|Any CPU.Build.0 = Release|Any CPU
		{8B9B0A9E-C292-438C-A0F6-48F06B79ABC4}.Debug|Any CPU.ActiveCfg = Debug|Any CPU
		{8B9B0A9E-C292-438C-A0F6-48F06B79ABC4}.Debug|Any CPU.Build.0 = Debug|Any CPU
		{8B9B0A9E-C292-438C-A0F6-48F06B79ABC4}.Release|Any CPU.ActiveCfg = Release|Any CPU
		{8B9B0A9E-C292-438C-A0F6-48F06B79ABC4}.Release|Any CPU.Build.0 = Release|Any CPU
	EndGlobalSection
	GlobalSection(SolutionProperties) = preSolution
		HideSolutionNode = FALSE
	EndGlobalSection
	GlobalSection(ExtensibilityGlobals) = postSolution
		SolutionGuid = {8181FF32-C53B-4349-B388-873CC6B3E036}
	EndGlobalSection
EndGlobal
